// !$*UTF8*$!
{
	archiveVersion = 1;
	classes = {
	};
	objectVersion = 50;
	objects = {

/* Begin PBXBuildFile section */
		370DD9BC24BA7091009EFB02 /* AppDelegate.swift in Sources */ = {isa = PBXBuildFile; fileRef = 370DD9BB24BA7091009EFB02 /* AppDelegate.swift */; };
		370DD9BE24BA7091009EFB02 /* SceneDelegate.swift in Sources */ = {isa = PBXBuildFile; fileRef = 370DD9BD24BA7091009EFB02 /* SceneDelegate.swift */; };
		370DD9C024BA7091009EFB02 /* ViewController.swift in Sources */ = {isa = PBXBuildFile; fileRef = 370DD9BF24BA7091009EFB02 /* ViewController.swift */; };
		370DD9C324BA7091009EFB02 /* Main.storyboard in Resources */ = {isa = PBXBuildFile; fileRef = 370DD9C124BA7091009EFB02 /* Main.storyboard */; };
		370DD9C524BA7092009EFB02 /* Assets.xcassets in Resources */ = {isa = PBXBuildFile; fileRef = 370DD9C424BA7092009EFB02 /* Assets.xcassets */; };
		370DD9C824BA7092009EFB02 /* LaunchScreen.storyboard in Resources */ = {isa = PBXBuildFile; fileRef = 370DD9C624BA7092009EFB02 /* LaunchScreen.storyboard */; };
		370DD9D124BA78AC009EFB02 /* BorderButton.swift in Sources */ = {isa = PBXBuildFile; fileRef = 370DD9D024BA78AC009EFB02 /* BorderButton.swift */; };
/* End PBXBuildFile section */

/* Begin PBXFileReference section */
		370DD9B824BA7091009EFB02 /* SwooshApp.app */ = {isa = PBXFileReference; explicitFileType = wrapper.application; includeInIndex = 0; path = SwooshApp.app; sourceTree = BUILT_PRODUCTS_DIR; };
		370DD9BB24BA7091009EFB02 /* AppDelegate.swift */ = {isa = PBXFileReference; lastKnownFileType = sourcecode.swift; path = AppDelegate.swift; sourceTree = "<group>"; };
		370DD9BD24BA7091009EFB02 /* SceneDelegate.swift */ = {isa = PBXFileReference; lastKnownFileType = sourcecode.swift; path = SceneDelegate.swift; sourceTree = "<group>"; };
		370DD9BF24BA7091009EFB02 /* ViewController.swift */ = {isa = PBXFileReference; lastKnownFileType = sourcecode.swift; path = ViewController.swift; sourceTree = "<group>"; };
		370DD9C224BA7091009EFB02 /* Base */ = {isa = PBXFileReference; lastKnownFileType = file.storyboard; name = Base; path = Base.lproj/Main.storyboard; sourceTree = "<group>"; };
		370DD9C424BA7092009EFB02 /* Assets.xcassets */ = {isa = PBXFileReference; lastKnownFileType = folder.assetcatalog; path = Assets.xcassets; sourceTree = "<group>"; };
		370DD9C724BA7092009EFB02 /* Base */ = {isa = PBXFileReference; lastKnownFileType = file.storyboard; name = Base; path = Base.lproj/LaunchScreen.storyboard; sourceTree = "<group>"; };
		370DD9C924BA7092009EFB02 /* Info.plist */ = {isa = PBXFileReference; lastKnownFileType = text.plist.xml; path = Info.plist; sourceTree = "<group>"; };
		370DD9D024BA78AC009EFB02 /* BorderButton.swift */ = {isa = PBXFileReference; lastKnownFileType = sourcecode.swift; path = BorderButton.swift; sourceTree = "<group>"; };
/* End PBXFileReference section */

/* Begin PBXFrameworksBuildPhase section */
		370DD9B524BA7091009EFB02 /* Frameworks */ = {
			isa = PBXFrameworksBuildPhase;
			buildActionMask = 2147483647;
			files = (
			);
			runOnlyForDeploymentPostprocessing = 0;
		};
/* End PBXFrameworksBuildPhase section */

/* Begin PBXGroup section */
		370DD9AF24BA7091009EFB02 = {
			isa = PBXGroup;
			children = (
				370DD9BA24BA7091009EFB02 /* SwooshApp */,
				370DD9B924BA7091009EFB02 /* Products */,
			);
			sourceTree = "<group>";
		};
		370DD9B924BA7091009EFB02 /* Products */ = {
			isa = PBXGroup;
			children = (
				370DD9B824BA7091009EFB02 /* SwooshApp.app */,
			);
			name = Products;
			sourceTree = "<group>";
		};
		370DD9BA24BA7091009EFB02 /* SwooshApp */ = {
			isa = PBXGroup;
			children = (
				37DBF6D724BBC19C00946B0F /* Model */,
				37DBF6D624BBC19400946B0F /* Controller */,
				370DD9CF24BA7833009EFB02 /* View */,
				370DD9BB24BA7091009EFB02 /* AppDelegate.swift */,
				370DD9BD24BA7091009EFB02 /* SceneDelegate.swift */,
				370DD9C124BA7091009EFB02 /* Main.storyboard */,
				370DD9C424BA7092009EFB02 /* Assets.xcassets */,
				370DD9C624BA7092009EFB02 /* LaunchScreen.storyboard */,
				370DD9C924BA7092009EFB02 /* Info.plist */,
			);
			path = SwooshApp;
			sourceTree = "<group>";
		};
		370DD9CF24BA7833009EFB02 /* View */ = {
			isa = PBXGroup;
			children = (
				370DD9D024BA78AC009EFB02 /* BorderButton.swift */,
			);
			path = View;
			sourceTree = "<group>";
		};
		37DBF6D624BBC19400946B0F /* Controller */ = {
			isa = PBXGroup;
			children = (
				370DD9BF24BA7091009EFB02 /* ViewController.swift */,
			);
			path = Controller;
			sourceTree = "<group>";
		};
		37DBF6D724BBC19C00946B0F /* Model */ = {
			isa = PBXGroup;
			children = (
			);
			path = Model;
			sourceTree = "<group>";
		};
/* End PBXGroup section */

/* Begin PBXNativeTarget section */
		370DD9B724BA7091009EFB02 /* SwooshApp */ = {
			isa = PBXNativeTarget;
			buildConfigurationList = 370DD9CC24BA7092009EFB02 /* Build configuration list for PBXNativeTarget "SwooshApp" */;
			buildPhases = (
				370DD9B424BA7091009EFB02 /* Sources */,
				370DD9B524BA7091009EFB02 /* Frameworks */,
				370DD9B624BA7091009EFB02 /* Resources */,
			);
			buildRules = (
			);
			dependencies = (
			);
			name = SwooshApp;
			productName = SwooshApp;
			productReference = 370DD9B824BA7091009EFB02 /* SwooshApp.app */;
			productType = "com.apple.product-type.application";
		};
/* End PBXNativeTarget section */

/* Begin PBXProject section */
		370DD9B024BA7091009EFB02 /* Project object */ = {
			isa = PBXProject;
			attributes = {
				LastSwiftUpdateCheck = 1150;
				LastUpgradeCheck = 1150;
				ORGANIZATIONNAME = "Ezequiel Parada";
				TargetAttributes = {
					370DD9B724BA7091009EFB02 = {
						CreatedOnToolsVersion = 11.5;
					};
				};
			};
			buildConfigurationList = 370DD9B324BA7091009EFB02 /* Build configuration list for PBXProject "SwooshApp" */;
			compatibilityVersion = "Xcode 9.3";
			developmentRegion = en;
			hasScannedForEncodings = 0;
			knownRegions = (
				en,
				Base,
			);
			mainGroup = 370DD9AF24BA7091009EFB02;
			productRefGroup = 370DD9B924BA7091009EFB02 /* Products */;
			projectDirPath = "";
			projectRoot = "";
			targets = (
				370DD9B724BA7091009EFB02 /* SwooshApp */,
			);
		};
/* End PBXProject section */

/* Begin PBXResourcesBuildPhase section */
		370DD9B624BA7091009EFB02 /* Resources */ = {
			isa = PBXResourcesBuildPhase;
			buildActionMask = 2147483647;
			files = (
				370DD9C824BA7092009EFB02 /* LaunchScreen.storyboard in Resources */,
				370DD9C524BA7092009EFB02 /* Assets.xcassets in Resources */,
				370DD9C324BA7091009EFB02 /* Main.storyboard in Resources */,
			);
			runOnlyForDeploymentPostprocessing = 0;
		};
/* End PBXResourcesBuildPhase section */

/* Begin PBXSourcesBuildPhase section */
		370DD9B424BA7091009EFB02 /* Sources */ = {
			isa = PBXSourcesBuildPhase;
			buildActionMask = 2147483647;
			files = (
				370DD9C024BA7091009EFB02 /* ViewController.swift in Sources */,
				370DD9BC24BA7091009EFB02 /* AppDelegate.swift in Sources */,
				370DD9BE24BA7091009EFB02 /* SceneDelegate.swift in Sources */,
				370DD9D124BA78AC009EFB02 /* BorderButton.swift in Sources */,
			);
			runOnlyForDeploymentPostprocessing = 0;
		};
/* End PBXSourcesBuildPhase section */

/* Begin PBXVariantGroup section */
		370DD9C124BA7091009EFB02 /* Main.storyboard */ = {
			isa = PBXVariantGroup;
			children = (
				370DD9C224BA7091009EFB02 /* Base */,
			);
			name = Main.storyboard;
			sourceTree = "<group>";
		};
		370DD9C624BA7092009EFB02 /* LaunchScreen.storyboard */ = {
			isa = PBXVariantGroup;
			children = (
				370DD9C724BA7092009EFB02 /* Base */,
			);
			name = LaunchScreen.storyboard;
			sourceTree = "<group>";
		};
/* End PBXVariantGroup section */

/* Begin XCBuildConfiguration section */
		370DD9CA24BA7092009EFB02 /* Debug */ = {
			isa = XCBuildConfiguration;
			buildSettings = {
				ALWAYS_SEARCH_USER_PATHS = NO;
				CLANG_ANALYZER_NONNULL = YES;
				CLANG_ANALYZER_NUMBER_OBJECT_CONVERSION = YES_AGGRESSIVE;
				CLANG_CXX_LANGUAGE_STANDARD = "gnu++14";
				CLANG_CXX_LIBRARY = "libc++";
				CLANG_ENABLE_MODULES = YES;
				CLANG_ENABLE_OBJC_ARC = YES;
				CLANG_ENABLE_OBJC_WEAK = YES;
				CLANG_WARN_BLOCK_CAPTURE_AUTORELEASING = YES;
				CLANG_WARN_BOOL_CONVERSION = YES;
				CLANG_WARN_COMMA = YES;
				CLANG_WARN_CONSTANT_CONVERSION = YES;
				CLANG_WARN_DEPRECATED_OBJC_IMPLEMENTATIONS = YES;
				CLANG_WARN_DIRECT_OBJC_ISA_USAGE = YES_ERROR;
				CLANG_WARN_DOCUMENTATION_COMMENTS = YES;
				CLANG_WARN_EMPTY_BODY = YES;
				CLANG_WARN_ENUM_CONVERSION = YES;
				CLANG_WARN_INFINITE_RECURSION = YES;
				CLANG_WARN_INT_CONVERSION = YES;
				CLANG_WARN_NON_LITERAL_NULL_CONVERSION = YES;
				CLANG_WARN_OBJC_IMPLICIT_RETAIN_SELF = YES;
				CLANG_WARN_OBJC_LITERAL_CONVERSION = YES;
				CLANG_WARN_OBJC_ROOT_CLASS = YES_ERROR;
				CLANG_WARN_RANGE_LOOP_ANALYSIS = YES;
				CLANG_WARN_STRICT_PROTOTYPES = YES;
				CLANG_WARN_SUSPICIOUS_MOVE = YES;
				CLANG_WARN_UNGUARDED_AVAILABILITY = YES_AGGRESSIVE;
				CLANG_WARN_UNREACHABLE_CODE = YES;
				CLANG_WARN__DUPLICATE_METHOD_MATCH = YES;
				COPY_PHASE_STRIP = NO;
				DEBUG_INFORMATION_FORMAT = dwarf;
				ENABLE_STRICT_OBJC_MSGSEND = YES;
				ENABLE_TESTABILITY = YES;
				GCC_C_LANGUAGE_STANDARD = gnu11;
				GCC_DYNAMIC_NO_PIC = NO;
				GCC_NO_COMMON_BLOCKS = YES;
				GCC_OPTIMIZATION_LEVEL = 0;
				GCC_PREPROCESSOR_DEFINITIONS = (
					"DEBUG=1",
					"$(inherited)",
				);
				GCC_WARN_64_TO_32_BIT_CONVERSION = YES;
				GCC_WARN_ABOUT_RETURN_TYPE = YES_ERROR;
				GCC_WARN_UNDECLARED_SELECTOR = YES;
				GCC_WARN_UNINITIALIZED_AUTOS = YES_AGGRESSIVE;
				GCC_WARN_UNUSED_FUNCTION = YES;
				GCC_WARN_UNUSED_VARIABLE = YES;
				IPHONEOS_DEPLOYMENT_TARGET = 13.5;
				MTL_ENABLE_DEBUG_INFO = INCLUDE_SOURCE;
				MTL_FAST_MATH = YES;
				ONLY_ACTIVE_ARCH = YES;
				SDKROOT = iphoneos;
				SWIFT_ACTIVE_COMPILATION_CONDITIONS = DEBUG;
				SWIFT_OPTIMIZATION_LEVEL = "-Onone";
			};
			name = Debug;
		};
		370DD9CB24BA7092009EFB02 /* Release */ = {
			isa = XCBuildConfiguration;
			buildSettings = {
				ALWAYS_SEARCH_USER_PATHS = NO;
				CLANG_ANALYZER_NONNULL = YES;
				CLANG_ANALYZER_NUMBER_OBJECT_CONVERSION = YES_AGGRESSIVE;
				CLANG_CXX_LANGUAGE_STANDARD = "gnu++14";
				CLANG_CXX_LIBRARY = "libc++";
				CLANG_ENABLE_MODULES = YES;
				CLANG_ENABLE_OBJC_ARC = YES;
				CLANG_ENABLE_OBJC_WEAK = YES;
				CLANG_WARN_BLOCK_CAPTURE_AUTORELEASING = YES;
				CLANG_WARN_BOOL_CONVERSION = YES;
				CLANG_WARN_COMMA = YES;
				CLANG_WARN_CONSTANT_CONVERSION = YES;
				CLANG_WARN_DEPRECATED_OBJC_IMPLEMENTATIONS = YES;
				CLANG_WARN_DIRECT_OBJC_ISA_USAGE = YES_ERROR;
				CLANG_WARN_DOCUMENTATION_COMMENTS = YES;
				CLANG_WARN_EMPTY_BODY = YES;
				CLANG_WARN_ENUM_CONVERSION = YES;
				CLANG_WARN_INFINITE_RECURSION = YES;
				CLANG_WARN_INT_CONVERSION = YES;
				CLANG_WARN_NON_LITERAL_NULL_CONVERSION = YES;
				CLANG_WARN_OBJC_IMPLICIT_RETAIN_SELF = YES;
				CLANG_WARN_OBJC_LITERAL_CONVERSION = YES;
				CLANG_WARN_OBJC_ROOT_CLASS = YES_ERROR;
				CLANG_WARN_RANGE_LOOP_ANALYSIS = YES;
				CLANG_WARN_STRICT_PROTOTYPES = YES;
				CLANG_WARN_SUSPICIOUS_MOVE = YES;
				CLANG_WARN_UNGUARDED_AVAILABILITY = YES_AGGRESSIVE;
				CLANG_WARN_UNREACHABLE_CODE = YES;
				CLANG_WARN__DUPLICATE_METHOD_MATCH = YES;
				COPY_PHASE_STRIP = NO;
				DEBUG_INFORMATION_FORMAT = "dwarf-with-dsym";
				ENABLE_NS_ASSERTIONS = NO;
				ENABLE_STRICT_OBJC_MSGSEND = YES;
				GCC_C_LANGUAGE_STANDARD = gnu11;
				GCC_NO_COMMON_BLOCKS = YES;
				GCC_WARN_64_TO_32_BIT_CONVERSION = YES;
				GCC_WARN_ABOUT_RETURN_TYPE = YES_ERROR;
				GCC_WARN_UNDECLARED_SELECTOR = YES;
				GCC_WARN_UNINITIALIZED_AUTOS = YES_AGGRESSIVE;
				GCC_WARN_UNUSED_FUNCTION = YES;
				GCC_WARN_UNUSED_VARIABLE = YES;
				IPHONEOS_DEPLOYMENT_TARGET = 13.5;
				MTL_ENABLE_DEBUG_INFO = NO;
				MTL_FAST_MATH = YES;
				SDKROOT = iphoneos;
				SWIFT_COMPILATION_MODE = wholemodule;
				SWIFT_OPTIMIZATION_LEVEL = "-O";
				VALIDATE_PRODUCT = YES;
			};
			name = Release;
		};
		370DD9CD24BA7092009EFB02 /* Debug */ = {
			isa = XCBuildConfiguration;
			buildSettings = {
				ASSETCATALOG_COMPILER_APPICON_NAME = AppIcon;
				CODE_SIGN_STYLE = Automatic;
				DEVELOPMENT_TEAM = 8PF4PD98CF;
				INFOPLIST_FILE = SwooshApp/Info.plist;
				LD_RUNPATH_SEARCH_PATHS = (
					"$(inherited)",
					"@executable_path/Frameworks",
				);
				PRODUCT_BUNDLE_IDENTIFIER = com.paradabeltran.SwooshApp;
				PRODUCT_NAME = "$(TARGET_NAME)";
				SWIFT_VERSION = 5.0;
				TARGETED_DEVICE_FAMILY = "1,2";
			};
			name = Debug;
		};
		370DD9CE24BA7092009EFB02 /* Release */ = {
			isa = XCBuildConfiguration;
			buildSettings = {
				ASSETCATALOG_COMPILER_APPICON_NAME = AppIcon;
				CODE_SIGN_STYLE = Automatic;
				DEVELOPMENT_TEAM = 8PF4PD98CF;
				INFOPLIST_FILE = SwooshApp/Info.plist;
				LD_RUNPATH_SEARCH_PATHS = (
					"$(inherited)",
					"@executable_path/Frameworks",
				);
				PRODUCT_BUNDLE_IDENTIFIER = com.paradabeltran.SwooshApp;
				PRODUCT_NAME = "$(TARGET_NAME)";
				SWIFT_VERSION = 5.0;
				TARGETED_DEVICE_FAMILY = "1,2";
			};
			name = Release;
		};
/* End XCBuildConfiguration section */

/* Begin XCConfigurationList section */
		370DD9B324BA7091009EFB02 /* Build configuration list for PBXProject "SwooshApp" */ = {
			isa = XCConfigurationList;
			buildConfigurations = (
				370DD9CA24BA7092009EFB02 /* Debug */,
				370DD9CB24BA7092009EFB02 /* Release */,
			);
			defaultConfigurationIsVisible = 0;
			defaultConfigurationName = Release;
		};
		370DD9CC24BA7092009EFB02 /* Build configuration list for PBXNativeTarget "SwooshApp" */ = {
			isa = XCConfigurationList;
			buildConfigurations = (
				370DD9CD24BA7092009EFB02 /* Debug */,
				370DD9CE24BA7092009EFB02 /* Release */,
			);
			defaultConfigurationIsVisible = 0;
			defaultConfigurationName = Release;
		};
/* End XCConfigurationList section */
	};
	rootObject = 370DD9B024BA7091009EFB02 /* Project object */;
}
